
Microsoft Visual Studio Solution File, Format Version 12.00
# Visual Studio Version 17
VisualStudioVersion = 17.11.35327.3
MinimumVisualStudioVersion = 10.0.40219.1
Project("{00D1A9C2-B5F0-4AF3-8072-F6C62B433612}") = "OSDH.Labware_Prod_Data.SQL", "OSDH.Labware_Prod_Data.SQL.sqlproj", "{1AE63EAC-9951-4161-A141-A1A8976D5344}"
EndProject
Global
	GlobalSection(SolutionConfigurationPlatforms) = preSolution
		Debug|Any CPU = Debug|Any CPU
		Release|Any CPU = Release|Any CPU
	EndGlobalSection
	GlobalSection(ProjectConfigurationPlatforms) = postSolution
		{1AE63EAC-9951-4161-A141-A1A8976D5344}.Debug|Any CPU.ActiveCfg = Debug|Any CPU
		{1AE63EAC-9951-4161-A141-A1A8976D5344}.Debug|Any CPU.Build.0 = Debug|Any CPU
		{1AE63EAC-9951-4161-A141-A1A8976D5344}.Debug|Any CPU.Deploy.0 = Debug|Any CPU
		{1AE63EAC-9951-4161-A141-A1A8976D5344}.Release|Any CPU.ActiveCfg = Release|Any CPU
		{1AE63EAC-9951-4161-A141-A1A8976D5344}.Release|Any CPU.Build.0 = Release|Any CPU
		{1AE63EAC-9951-4161-A141-A1A8976D5344}.Release|Any CPU.Deploy.0 = Release|Any CPU
	EndGlobalSection
	GlobalSection(SolutionProperties) = preSolution
		HideSolutionNode = FALSE
	EndGlobalSection
	GlobalSection(ExtensibilityGlobals) = postSolution
		SolutionGuid = {1225C2C3-AC84-4B63-A1C9-AA97C099B348}
	EndGlobalSection
EndGlobal
